<?xml version="1.0" encoding="utf-8"?>
<Project ToolsVersion="4.0" xmlns="http://schemas.microsoft.com/developer/msbuild/2003">
  <ItemGroup>
    <Filter Include="リソース ファイル">
      <UniqueIdentifier>{dc1be0e9-f436-48fa-a679-ebef65fc4b97}</UniqueIdentifier>
    </Filter>
    <Filter Include="system">
      <UniqueIdentifier>{0c44558e-c4d3-4640-8fea-113f7376acf4}</UniqueIdentifier>
    </Filter>
    <Filter Include="flyweight">
      <UniqueIdentifier>{92d4b482-ad73-4617-8b03-97c8267782bd}</UniqueIdentifier>
    </Filter>
    <Filter Include="scene">
      <UniqueIdentifier>{321b6052-d42f-4518-bf11-d19a355d5313}</UniqueIdentifier>
    </Filter>
    <Filter Include="scene\intro">
      <UniqueIdentifier>{2fbdc9bd-e416-44b4-bc24-0a8715152239}</UniqueIdentifier>
    </Filter>
    <Filter Include="scene\title">
      <UniqueIdentifier>{f6953c22-b9ec-47f6-8230-967afdd4e323}</UniqueIdentifier>
    </Filter>
    <Filter Include="scene\game">
      <UniqueIdentifier>{7014a010-61a7-43fe-8ac9-3a929ebe0be9}</UniqueIdentifier>
    </Filter>
    <Filter Include="scene\start">
      <UniqueIdentifier>{5c36d1ae-73a8-46a5-bf20-5980ba427f6c}</UniqueIdentifier>
    </Filter>
    <Filter Include="shader">
      <UniqueIdentifier>{7802df47-284e-428b-bacd-10c28e8da035}</UniqueIdentifier>
    </Filter>
    <Filter Include="object">
      <UniqueIdentifier>{5874bc1c-3cb1-4064-9beb-9d80c63bb63c}</UniqueIdentifier>
    </Filter>
    <Filter Include="2D">
      <UniqueIdentifier>{82b6c02a-3d5e-497b-a701-6cd43414ba4a}</UniqueIdentifier>
    </Filter>
    <Filter Include="3D">
      <UniqueIdentifier>{d00c105d-1b9b-49cf-97bb-3be0ab328ddc}</UniqueIdentifier>
    </Filter>
    <Filter Include="utility">
      <UniqueIdentifier>{f6608d6c-8b6c-412d-a240-d8aff196d570}</UniqueIdentifier>
    </Filter>
    <Filter Include="state">
      <UniqueIdentifier>{28170c41-ab9a-462a-b7af-18ac38e5ecae}</UniqueIdentifier>
    </Filter>
    <Filter Include="state\state_intro">
      <UniqueIdentifier>{2c554e48-e799-4b07-a604-03ad41adfbad}</UniqueIdentifier>
    </Filter>
    <Filter Include="state\state_start">
      <UniqueIdentifier>{790bf131-e956-4a23-8e0d-7f3fb3f9c830}</UniqueIdentifier>
    </Filter>
    <Filter Include="UI">
      <UniqueIdentifier>{fe84aab8-8421-49dd-b4d2-9db8f62f3ba5}</UniqueIdentifier>
    </Filter>
  </ItemGroup>
  <ItemGroup>
    <ClCompile Include="resource\camera.cpp">
      <Filter>system</Filter>
    </ClCompile>
    <ClCompile Include="resource\fade.cpp">
      <Filter>system</Filter>
    </ClCompile>
    <ClCompile Include="resource\deltaTime.cpp">
      <Filter>system</Filter>
    </ClCompile>
    <ClCompile Include="resource\debugproc.cpp">
      <Filter>system</Filter>
    </ClCompile>
    <ClCompile Include="resource\debug.cpp">
      <Filter>system</Filter>
    </ClCompile>
    <ClCompile Include="resource\input.cpp">
      <Filter>system</Filter>
    </ClCompile>
    <ClCompile Include="resource\light.cpp">
      <Filter>system</Filter>
    </ClCompile>
    <ClCompile Include="resource\main.cpp">
      <Filter>system</Filter>
    </ClCompile>
    <ClCompile Include="resource\manager.cpp">
      <Filter>system</Filter>
    </ClCompile>
    <ClCompile Include="resource\loading.cpp">
      <Filter>system</Filter>
    </ClCompile>
    <ClCompile Include="resource\precompile.cpp">
      <Filter>system</Filter>
    </ClCompile>
    <ClCompile Include="resource\sound.cpp">
      <Filter>system</Filter>
    </ClCompile>
    <ClCompile Include="resource\character.cpp">
      <Filter>flyweight</Filter>
    </ClCompile>
    <ClCompile Include="resource\font.cpp">
      <Filter>flyweight</Filter>
    </ClCompile>
    <ClCompile Include="resource\fontChar.cpp">
      <Filter>flyweight</Filter>
    </ClCompile>
    <ClCompile Include="resource\model.cpp">
      <Filter>flyweight</Filter>
    </ClCompile>
    <ClCompile Include="resource\texture.cpp">
      <Filter>flyweight</Filter>
    </ClCompile>
    <ClCompile Include="resource\scene.cpp">
      <Filter>scene</Filter>
    </ClCompile>
    <ClCompile Include="resource\shader.cpp">
      <Filter>shader</Filter>
    </ClCompile>
    <ClCompile Include="resource\shaderMono.cpp">
      <Filter>shader</Filter>
    </ClCompile>
    <ClCompile Include="resource\shaderToon.cpp">
      <Filter>shader</Filter>
    </ClCompile>
    <ClCompile Include="resource\object.cpp">
      <Filter>object</Filter>
    </ClCompile>
    <ClCompile Include="resource\object2D.cpp">
      <Filter>object</Filter>
    </ClCompile>
    <ClCompile Include="resource\object3D.cpp">
      <Filter>object</Filter>
    </ClCompile>
    <ClCompile Include="resource\objectBillboard.cpp">
      <Filter>object</Filter>
    </ClCompile>
    <ClCompile Include="resource\objectChara.cpp">
      <Filter>object</Filter>
    </ClCompile>
    <ClCompile Include="resource\objectDivChara.cpp">
      <Filter>object</Filter>
    </ClCompile>
    <ClCompile Include="resource\objectMeshCircle.cpp">
      <Filter>object</Filter>
    </ClCompile>
    <ClCompile Include="resource\objectMeshCube.cpp">
      <Filter>object</Filter>
    </ClCompile>
    <ClCompile Include="resource\objectMeshCylinder.cpp">
      <Filter>object</Filter>
    </ClCompile>
    <ClCompile Include="resource\objectMeshDome.cpp">
      <Filter>object</Filter>
    </ClCompile>
    <ClCompile Include="resource\objectMeshField.cpp">
      <Filter>object</Filter>
    </ClCompile>
    <ClCompile Include="resource\objectMeshRing.cpp">
      <Filter>object</Filter>
    </ClCompile>
    <ClCompile Include="resource\objectMeshSphere.cpp">
      <Filter>object</Filter>
    </ClCompile>
    <ClCompile Include="resource\objectMeshTube.cpp">
      <Filter>object</Filter>
    </ClCompile>
    <ClCompile Include="resource\objectMeshWall.cpp">
      <Filter>object</Filter>
    </ClCompile>
    <ClCompile Include="resource\objectModel.cpp">
      <Filter>object</Filter>
    </ClCompile>
    <ClCompile Include="resource\objectTornado.cpp">
      <Filter>object</Filter>
    </ClCompile>
    <ClCompile Include="resource\anim2D.cpp">
      <Filter>2D</Filter>
    </ClCompile>
    <ClCompile Include="resource\char2D.cpp">
      <Filter>2D</Filter>
    </ClCompile>
    <ClCompile Include="resource\effect2D.cpp">
      <Filter>2D</Filter>
    </ClCompile>
    <ClCompile Include="resource\gauge2D.cpp">
      <Filter>2D</Filter>
    </ClCompile>
    <ClCompile Include="resource\particle2D.cpp">
      <Filter>2D</Filter>
    </ClCompile>
    <ClCompile Include="resource\scrollString2D.cpp">
      <Filter>2D</Filter>
    </ClCompile>
    <ClCompile Include="resource\scrollText2D.cpp">
      <Filter>2D</Filter>
    </ClCompile>
    <ClCompile Include="resource\scroll2D.cpp">
      <Filter>2D</Filter>
    </ClCompile>
    <ClCompile Include="resource\string2D.cpp">
      <Filter>2D</Filter>
    </ClCompile>
    <ClCompile Include="resource\text2D.cpp">
      <Filter>2D</Filter>
    </ClCompile>
    <ClCompile Include="resource\value.cpp">
      <Filter>2D</Filter>
    </ClCompile>
    <ClCompile Include="resource\renderState.cpp">
      <Filter>system</Filter>
    </ClCompile>
    <ClCompile Include="resource\renderer.cpp">
      <Filter>system</Filter>
    </ClCompile>
    <ClCompile Include="resource\multiValue.cpp">
      <Filter>2D</Filter>
    </ClCompile>
    <ClCompile Include="resource\screen.cpp">
      <Filter>system</Filter>
    </ClCompile>
    <ClCompile Include="resource\multiModel.cpp">
      <Filter>3D</Filter>
    </ClCompile>
    <ClCompile Include="resource\scrollMeshField.cpp">
      <Filter>3D</Filter>
    </ClCompile>
    <ClCompile Include="resource\scrollMeshRing.cpp">
      <Filter>3D</Filter>
    </ClCompile>
    <ClCompile Include="resource\collision.cpp">
      <Filter>utility</Filter>
    </ClCompile>
    <ClCompile Include="resource\listManager.cpp">
      <Filter>utility</Filter>
    </ClCompile>
    <ClCompile Include="resource\motion.cpp">
      <Filter>utility</Filter>
    </ClCompile>
    <ClCompile Include="resource\random.cpp">
      <Filter>utility</Filter>
    </ClCompile>
    <ClCompile Include="resource\timer.cpp">
      <Filter>utility</Filter>
    </ClCompile>
    <ClCompile Include="resource\useful.cpp">
      <Filter>utility</Filter>
    </ClCompile>
    <ClCompile Include="resource\introStateLogo.cpp">
      <Filter>state\state_intro</Filter>
    </ClCompile>
    <ClCompile Include="resource\introState.cpp">
      <Filter>state\state_intro</Filter>
    </ClCompile>
    <ClCompile Include="resource\introStateWait.cpp">
      <Filter>state\state_intro</Filter>
    </ClCompile>
    <ClCompile Include="resource\introStateText.cpp">
      <Filter>state\state_intro</Filter>
    </ClCompile>
    <ClCompile Include="resource\introStateEnd.cpp">
      <Filter>state\state_intro</Filter>
    </ClCompile>
    <ClCompile Include="resource\sceneIntro.cpp">
      <Filter>scene\intro</Filter>
    </ClCompile>
    <ClCompile Include="resource\introManager.cpp">
      <Filter>scene\intro</Filter>
    </ClCompile>
    <ClCompile Include="resource\sceneTitle.cpp">
      <Filter>scene\title</Filter>
    </ClCompile>
    <ClCompile Include="resource\titleManager.cpp">
      <Filter>scene\title</Filter>
    </ClCompile>
    <ClCompile Include="resource\sceneGame.cpp">
      <Filter>scene\game</Filter>
    </ClCompile>
    <ClCompile Include="resource\gameManager.cpp">
      <Filter>scene\game</Filter>
    </ClCompile>
    <ClCompile Include="resource\loadtext.cpp">
      <Filter>utility</Filter>
    </ClCompile>
    <ClCompile Include="resource\introStateTextSlow.cpp">
      <Filter>state\state_intro</Filter>
    </ClCompile>
    <ClCompile Include="resource\introStateScroll.cpp">
      <Filter>state\state_intro</Filter>
    </ClCompile>
    <ClCompile Include="resource\introStateFade.cpp">
      <Filter>state\state_intro</Filter>
    </ClCompile>
    <ClCompile Include="resource\sceneStart.cpp">
      <Filter>scene\start</Filter>
    </ClCompile>
    <ClCompile Include="resource\startManager.cpp">
      <Filter>scene\start</Filter>
    </ClCompile>
    <ClCompile Include="resource\startState.cpp">
      <Filter>state\state_start</Filter>
    </ClCompile>
    <ClCompile Include="resource\startStateLogo.cpp">
      <Filter>state\state_start</Filter>
    </ClCompile>
    <ClCompile Include="resource\startStateOption.cpp">
      <Filter>state\state_start</Filter>
    </ClCompile>
    <ClCompile Include="resource\startStateTutorial.cpp">
      <Filter>state\state_start</Filter>
    </ClCompile>
    <ClCompile Include="resource\startStateCreateName.cpp">
      <Filter>state\state_start</Filter>
    </ClCompile>
    <ClCompile Include="resource\startStateDecideName.cpp">
      <Filter>state\state_start</Filter>
    </ClCompile>
    <ClCompile Include="resource\shakeString2D.cpp">
      <Filter>2D</Filter>
    </ClCompile>
    <ClCompile Include="resource\retention.cpp">
      <Filter>scene</Filter>
    </ClCompile>
    <ClCompile Include="resource\timerUI.cpp">
      <Filter>UI</Filter>
    </ClCompile>
    <ClCompile Include="resource\timeUI.cpp">
      <Filter>UI</Filter>
    </ClCompile>
    <ClCompile Include="resource\valueUI.cpp">
      <Filter>UI</Filter>
    </ClCompile>
    <ClCompile Include="resource\hitStop.cpp">
      <Filter>UI</Filter>
    </ClCompile>
    <ClCompile Include="resource\pause.cpp">
      <Filter>UI</Filter>
    </ClCompile>
    <ClCompile Include="resource\mapTile.cpp" />
    <ClCompile Include="resource\anim3D.cpp">
      <Filter>3D</Filter>
    </ClCompile>
    <ClCompile Include="resource\objectChara2D.cpp">
      <Filter>object</Filter>
    </ClCompile>
    <ClCompile Include="resource\character2D.cpp">
      <Filter>flyweight</Filter>
    </ClCompile>
  </ItemGroup>
  <ItemGroup>
    <ClInclude Include="resource\anim2D.h">
      <Filter>2D</Filter>
    </ClInclude>
    <ClInclude Include="resource\char2D.h">
      <Filter>2D</Filter>
    </ClInclude>
    <ClInclude Include="resource\effect2D.h">
      <Filter>2D</Filter>
    </ClInclude>
    <ClInclude Include="resource\gauge2D.h">
      <Filter>2D</Filter>
    </ClInclude>
    <ClInclude Include="resource\particle2D.h">
      <Filter>2D</Filter>
    </ClInclude>
    <ClInclude Include="resource\scrollString2D.h">
      <Filter>2D</Filter>
    </ClInclude>
    <ClInclude Include="resource\scrollText2D.h">
      <Filter>2D</Filter>
    </ClInclude>
    <ClInclude Include="resource\scroll2D.h">
      <Filter>2D</Filter>
    </ClInclude>
    <ClInclude Include="resource\string2D.h">
      <Filter>2D</Filter>
    </ClInclude>
    <ClInclude Include="resource\text2D.h">
      <Filter>2D</Filter>
    </ClInclude>
    <ClInclude Include="resource\value.h">
      <Filter>2D</Filter>
    </ClInclude>
    <ClInclude Include="resource\object.h">
      <Filter>object</Filter>
    </ClInclude>
    <ClInclude Include="resource\object2D.h">
      <Filter>object</Filter>
    </ClInclude>
    <ClInclude Include="resource\object3D.h">
      <Filter>object</Filter>
    </ClInclude>
    <ClInclude Include="resource\objectBillboard.h">
      <Filter>object</Filter>
    </ClInclude>
    <ClInclude Include="resource\objectChara.h">
      <Filter>object</Filter>
    </ClInclude>
    <ClInclude Include="resource\objectDivChara.h">
      <Filter>object</Filter>
    </ClInclude>
    <ClInclude Include="resource\objectMeshCircle.h">
      <Filter>object</Filter>
    </ClInclude>
    <ClInclude Include="resource\objectMeshCube.h">
      <Filter>object</Filter>
    </ClInclude>
    <ClInclude Include="resource\objectMeshCylinder.h">
      <Filter>object</Filter>
    </ClInclude>
    <ClInclude Include="resource\objectMeshDome.h">
      <Filter>object</Filter>
    </ClInclude>
    <ClInclude Include="resource\objectMeshField.h">
      <Filter>object</Filter>
    </ClInclude>
    <ClInclude Include="resource\objectMeshRing.h">
      <Filter>object</Filter>
    </ClInclude>
    <ClInclude Include="resource\objectMeshSphere.h">
      <Filter>object</Filter>
    </ClInclude>
    <ClInclude Include="resource\objectMeshTube.h">
      <Filter>object</Filter>
    </ClInclude>
    <ClInclude Include="resource\objectMeshWall.h">
      <Filter>object</Filter>
    </ClInclude>
    <ClInclude Include="resource\objectModel.h">
      <Filter>object</Filter>
    </ClInclude>
    <ClInclude Include="resource\objectTornado.h">
      <Filter>object</Filter>
    </ClInclude>
    <ClInclude Include="resource\shaderToon.h">
      <Filter>shader</Filter>
    </ClInclude>
    <ClInclude Include="resource\shader.h">
      <Filter>shader</Filter>
    </ClInclude>
    <ClInclude Include="resource\shaderMono.h">
      <Filter>shader</Filter>
    </ClInclude>
    <ClInclude Include="resource\scene.h">
      <Filter>scene</Filter>
    </ClInclude>
    <ClInclude Include="resource\character.h">
      <Filter>flyweight</Filter>
    </ClInclude>
    <ClInclude Include="resource\font.h">
      <Filter>flyweight</Filter>
    </ClInclude>
    <ClInclude Include="resource\fontChar.h">
      <Filter>flyweight</Filter>
    </ClInclude>
    <ClInclude Include="resource\model.h">
      <Filter>flyweight</Filter>
    </ClInclude>
    <ClInclude Include="resource\texture.h">
      <Filter>flyweight</Filter>
    </ClInclude>
    <ClInclude Include="resource\camera.h">
      <Filter>system</Filter>
    </ClInclude>
    <ClInclude Include="resource\debug.h">
      <Filter>system</Filter>
    </ClInclude>
    <ClInclude Include="resource\debugproc.h">
      <Filter>system</Filter>
    </ClInclude>
    <ClInclude Include="resource\deltaTime.h">
      <Filter>system</Filter>
    </ClInclude>
    <ClInclude Include="resource\fade.h">
      <Filter>system</Filter>
    </ClInclude>
    <ClInclude Include="resource\loading.h">
      <Filter>system</Filter>
    </ClInclude>
    <ClInclude Include="resource\main.h">
      <Filter>system</Filter>
    </ClInclude>
    <ClInclude Include="resource\manager.h">
      <Filter>system</Filter>
    </ClInclude>
    <ClInclude Include="resource\renderer.h">
      <Filter>system</Filter>
    </ClInclude>
    <ClInclude Include="resource\sound.h">
      <Filter>system</Filter>
    </ClInclude>
    <ClInclude Include="resource\input.h">
      <Filter>system</Filter>
    </ClInclude>
    <ClInclude Include="resource\light.h">
      <Filter>system</Filter>
    </ClInclude>
    <ClInclude Include="resource\precompile.h">
      <Filter>system</Filter>
    </ClInclude>
    <ClInclude Include="resource\renderState.h">
      <Filter>system</Filter>
    </ClInclude>
    <ClInclude Include="resource\resource.h">
      <Filter>system</Filter>
    </ClInclude>
    <ClInclude Include="resource\screen.h">
      <Filter>system</Filter>
    </ClInclude>
    <ClInclude Include="resource\multiValue.h">
      <Filter>2D</Filter>
    </ClInclude>
    <ClInclude Include="resource\multiModel.h">
      <Filter>3D</Filter>
    </ClInclude>
    <ClInclude Include="resource\scrollMeshField.h">
      <Filter>3D</Filter>
    </ClInclude>
    <ClInclude Include="resource\scrollMeshRing.h">
      <Filter>3D</Filter>
    </ClInclude>
    <ClInclude Include="resource\collision.h">
      <Filter>utility</Filter>
    </ClInclude>
    <ClInclude Include="resource\listManager.h">
      <Filter>utility</Filter>
    </ClInclude>
    <ClInclude Include="resource\motion.h">
      <Filter>utility</Filter>
    </ClInclude>
    <ClInclude Include="resource\random.h">
      <Filter>utility</Filter>
    </ClInclude>
    <ClInclude Include="resource\timer.h">
      <Filter>utility</Filter>
    </ClInclude>
    <ClInclude Include="resource\useful.h">
      <Filter>utility</Filter>
    </ClInclude>
    <ClInclude Include="resource\introStateLogo.h">
      <Filter>state\state_intro</Filter>
    </ClInclude>
    <ClInclude Include="resource\introState.h">
      <Filter>state\state_intro</Filter>
    </ClInclude>
    <ClInclude Include="resource\introStateWait.h">
      <Filter>state\state_intro</Filter>
    </ClInclude>
    <ClInclude Include="resource\introStateText.h">
      <Filter>state\state_intro</Filter>
    </ClInclude>
    <ClInclude Include="resource\introStateEnd.h">
      <Filter>state\state_intro</Filter>
    </ClInclude>
    <ClInclude Include="resource\sceneIntro.h">
      <Filter>scene\intro</Filter>
    </ClInclude>
    <ClInclude Include="resource\introManager.h">
      <Filter>scene\intro</Filter>
    </ClInclude>
    <ClInclude Include="resource\sceneTitle.h">
      <Filter>scene\title</Filter>
    </ClInclude>
    <ClInclude Include="resource\titleManager.h">
      <Filter>scene\title</Filter>
    </ClInclude>
    <ClInclude Include="resource\sceneGame.h">
      <Filter>scene\game</Filter>
    </ClInclude>
    <ClInclude Include="resource\gameManager.h">
      <Filter>scene\game</Filter>
    </ClInclude>
    <ClInclude Include="resource\loadtext.h">
      <Filter>utility</Filter>
    </ClInclude>
    <ClInclude Include="resource\introStateTextSlow.h">
      <Filter>state\state_intro</Filter>
    </ClInclude>
    <ClInclude Include="resource\introStateScroll.h">
      <Filter>state\state_intro</Filter>
    </ClInclude>
    <ClInclude Include="resource\introStateFade.h">
      <Filter>state\state_intro</Filter>
    </ClInclude>
    <ClInclude Include="resource\sceneStart.h">
      <Filter>scene\start</Filter>
    </ClInclude>
    <ClInclude Include="resource\startManager.h">
      <Filter>scene\start</Filter>
    </ClInclude>
    <ClInclude Include="resource\startState.h">
      <Filter>state\state_start</Filter>
    </ClInclude>
    <ClInclude Include="resource\startStateLogo.h">
      <Filter>state\state_start</Filter>
    </ClInclude>
    <ClInclude Include="resource\startStateOption.h">
      <Filter>state\state_start</Filter>
    </ClInclude>
    <ClInclude Include="resource\startStateTutorial.h">
      <Filter>state\state_start</Filter>
    </ClInclude>
    <ClInclude Include="resource\startStateCreateName.h">
      <Filter>state\state_start</Filter>
    </ClInclude>
    <ClInclude Include="resource\startStateDecideName.h">
      <Filter>state\state_start</Filter>
    </ClInclude>
    <ClInclude Include="resource\shakeString2D.h">
      <Filter>2D</Filter>
    </ClInclude>
    <ClInclude Include="resource\retention.h">
      <Filter>scene</Filter>
    </ClInclude>
    <ClInclude Include="resource\timerUI.h">
      <Filter>UI</Filter>
    </ClInclude>
    <ClInclude Include="resource\timeUI.h">
      <Filter>UI</Filter>
    </ClInclude>
    <ClInclude Include="resource\valueUI.h">
      <Filter>UI</Filter>
    </ClInclude>
    <ClInclude Include="resource\hitStop.h">
      <Filter>UI</Filter>
    </ClInclude>
    <ClInclude Include="resource\pause.h">
      <Filter>UI</Filter>
    </ClInclude>
    <ClInclude Include="resource\mapTile.h" />
    <ClInclude Include="resource\anim3D.h">
      <Filter>3D</Filter>
    </ClInclude>
    <ClInclude Include="resource\objectChara2D.h">
      <Filter>object</Filter>
    </ClInclude>
    <ClInclude Include="resource\character2D.h">
      <Filter>flyweight</Filter>
    </ClInclude>
  </ItemGroup>
  <ItemGroup>
    <ResourceCompile Include="resource\resource.rc">
      <Filter>リソース ファイル</Filter>
    </ResourceCompile>
  </ItemGroup>
</Project>